// !$*UTF8*$!
{
	archiveVersion = 1;
	classes = {
	};
	objectVersion = 50;
	objects = {

/* Begin PBXBuildFile section */
		A1EB674024E8AFD7002745B9 /* AppDelegate.swift in Sources */ = {isa = PBXBuildFile; fileRef = A1EB673F24E8AFD7002745B9 /* AppDelegate.swift */; };
		A1EB674224E8AFD7002745B9 /* SceneDelegate.swift in Sources */ = {isa = PBXBuildFile; fileRef = A1EB674124E8AFD7002745B9 /* SceneDelegate.swift */; };
		A1EB674424E8AFD7002745B9 /* ContentView.swift in Sources */ = {isa = PBXBuildFile; fileRef = A1EB674324E8AFD7002745B9 /* ContentView.swift */; };
		A1EB674624E8AFDA002745B9 /* Assets.xcassets in Resources */ = {isa = PBXBuildFile; fileRef = A1EB674524E8AFDA002745B9 /* Assets.xcassets */; };
		A1EB674924E8AFDA002745B9 /* Preview Assets.xcassets in Resources */ = {isa = PBXBuildFile; fileRef = A1EB674824E8AFDA002745B9 /* Preview Assets.xcassets */; };
		A1EB674C24E8AFDA002745B9 /* LaunchScreen.storyboard in Resources */ = {isa = PBXBuildFile; fileRef = A1EB674A24E8AFDA002745B9 /* LaunchScreen.storyboard */; };
		A1EB675424E8B05A002745B9 /* Label.swift in Sources */ = {isa = PBXBuildFile; fileRef = A1EB675324E8B05A002745B9 /* Label.swift */; };
/* End PBXBuildFile section */

/* Begin PBXFileReference section */
		A1EB673C24E8AFD7002745B9 /* SwiftUIBug1.app */ = {isa = PBXFileReference; explicitFileType = wrapper.application; includeInIndex = 0; path = SwiftUIBug1.app; sourceTree = BUILT_PRODUCTS_DIR; };
		A1EB673F24E8AFD7002745B9 /* AppDelegate.swift */ = {isa = PBXFileReference; lastKnownFileType = sourcecode.swift; path = AppDelegate.swift; sourceTree = "<group>"; };
		A1EB674124E8AFD7002745B9 /* SceneDelegate.swift */ = {isa = PBXFileReference; lastKnownFileType = sourcecode.swift; path = SceneDelegate.swift; sourceTree = "<group>"; };
		A1EB674324E8AFD7002745B9 /* ContentView.swift */ = {isa = PBXFileReference; lastKnownFileType = sourcecode.swift; path = ContentView.swift; sourceTree = "<group>"; };
		A1EB674524E8AFDA002745B9 /* Assets.xcassets */ = {isa = PBXFileReference; lastKnownFileType = folder.assetcatalog; path = Assets.xcassets; sourceTree = "<group>"; };
		A1EB674824E8AFDA002745B9 /* Preview Assets.xcassets */ = {isa = PBXFileReference; lastKnownFileType = folder.assetcatalog; path = "Preview Assets.xcassets"; sourceTree = "<group>"; };
		A1EB674B24E8AFDA002745B9 /* Base */ = {isa = PBXFileReference; lastKnownFileType = file.storyboard; name = Base; path = Base.lproj/LaunchScreen.storyboard; sourceTree = "<group>"; };
		A1EB674D24E8AFDA002745B9 /* Info.plist */ = {isa = PBXFileReference; lastKnownFileType = text.plist.xml; path = Info.plist; sourceTree = "<group>"; };
		A1EB675324E8B05A002745B9 /* Label.swift */ = {isa = PBXFileReference; lastKnownFileType = sourcecode.swift; path = Label.swift; sourceTree = "<group>"; };
/* End PBXFileReference section */

/* Begin PBXFrameworksBuildPhase section */
		A1EB673924E8AFD7002745B9 /* Frameworks */ = {
			isa = PBXFrameworksBuildPhase;
			buildActionMask = 2147483647;
			files = (
			);
			runOnlyForDeploymentPostprocessing = 0;
		};
/* End PBXFrameworksBuildPhase section */

/* Begin PBXGroup section */
		A1EB673324E8AFD7002745B9 = {
			isa = PBXGroup;
			children = (
				A1EB673E24E8AFD7002745B9 /* SwiftUIBug1 */,
				A1EB673D24E8AFD7002745B9 /* Products */,
			);
			sourceTree = "<group>";
		};
		A1EB673D24E8AFD7002745B9 /* Products */ = {
			isa = PBXGroup;
			children = (
				A1EB673C24E8AFD7002745B9 /* SwiftUIBug1.app */,
			);
			name = Products;
			sourceTree = "<group>";
		};
		A1EB673E24E8AFD7002745B9 /* SwiftUIBug1 */ = {
			isa = PBXGroup;
			children = (
				A1EB673F24E8AFD7002745B9 /* AppDelegate.swift */,
				A1EB674124E8AFD7002745B9 /* SceneDelegate.swift */,
				A1EB674324E8AFD7002745B9 /* ContentView.swift */,
				A1EB675324E8B05A002745B9 /* Label.swift */,
				A1EB674524E8AFDA002745B9 /* Assets.xcassets */,
				A1EB674A24E8AFDA002745B9 /* LaunchScreen.storyboard */,
				A1EB674D24E8AFDA002745B9 /* Info.plist */,
				A1EB674724E8AFDA002745B9 /* Preview Content */,
			);
			path = SwiftUIBug1;
			sourceTree = "<group>";
		};
		A1EB674724E8AFDA002745B9 /* Preview Content */ = {
			isa = PBXGroup;
			children = (
				A1EB674824E8AFDA002745B9 /* Preview Assets.xcassets */,
			);
			path = "Preview Content";
			sourceTree = "<group>";
		};
/* End PBXGroup section */

/* Begin PBXNativeTarget section */
		A1EB673B24E8AFD7002745B9 /* SwiftUIBug1 */ = {
			isa = PBXNativeTarget;
			buildConfigurationList = A1EB675024E8AFDA002745B9 /* Build configuration list for PBXNativeTarget "SwiftUIBug1" */;
			buildPhases = (
				A1EB673824E8AFD7002745B9 /* Sources */,
				A1EB673924E8AFD7002745B9 /* Frameworks */,
				A1EB673A24E8AFD7002745B9 /* Resources */,
			);
			buildRules = (
			);
			dependencies = (
			);
			name = SwiftUIBug1;
			productName = SwiftUIBug1;
			productReference = A1EB673C24E8AFD7002745B9 /* SwiftUIBug1.app */;
			productType = "com.apple.product-type.application";
		};
/* End PBXNativeTarget section */

/* Begin PBXProject section */
		A1EB673424E8AFD7002745B9 /* Project object */ = {
			isa = PBXProject;
			attributes = {
				LastSwiftUpdateCheck = 1160;
				LastUpgradeCheck = 1160;
				ORGANIZATIONNAME = "Safe from the Losing Fight";
				TargetAttributes = {
					A1EB673B24E8AFD7002745B9 = {
						CreatedOnToolsVersion = 11.6;
					};
				};
			};
			buildConfigurationList = A1EB673724E8AFD7002745B9 /* Build configuration list for PBXProject "SwiftUIBug1" */;
			compatibilityVersion = "Xcode 9.3";
			developmentRegion = en;
			hasScannedForEncodings = 0;
			knownRegions = (
				en,
				Base,
			);
			mainGroup = A1EB673324E8AFD7002745B9;
			productRefGroup = A1EB673D24E8AFD7002745B9 /* Products */;
			projectDirPath = "";
			projectRoot = "";
			targets = (
				A1EB673B24E8AFD7002745B9 /* SwiftUIBug1 */,
			);
		};
/* End PBXProject section */

/* Begin PBXResourcesBuildPhase section */
		A1EB673A24E8AFD7002745B9 /* Resources */ = {
			isa = PBXResourcesBuildPhase;
			buildActionMask = 2147483647;
			files = (
				A1EB674C24E8AFDA002745B9 /* LaunchScreen.storyboard in Resources */,
				A1EB674924E8AFDA002745B9 /* Preview Assets.xcassets in Resources */,
				A1EB674624E8AFDA002745B9 /* Assets.xcassets in Resources */,
			);
			runOnlyForDeploymentPostprocessing = 0;
		};
/* End PBXResourcesBuildPhase section */

/* Begin PBXSourcesBuildPhase section */
		A1EB673824E8AFD7002745B9 /* Sources */ = {
			isa = PBXSourcesBuildPhase;
			buildActionMask = 2147483647;
			files = (
				A1EB674024E8AFD7002745B9 /* AppDelegate.swift in Sources */,
				A1EB674224E8AFD7002745B9 /* SceneDelegate.swift in Sources */,
				A1EB675424E8B05A002745B9 /* Label.swift in Sources */,
				A1EB674424E8AFD7002745B9 /* ContentView.swift in Sources */,
			);
			runOnlyForDeploymentPostprocessing = 0;
		};
/* End PBXSourcesBuildPhase section */

/* Begin PBXVariantGroup section */
		A1EB674A24E8AFDA002745B9 /* LaunchScreen.storyboard */ = {
			isa = PBXVariantGroup;
			children = (
				A1EB674B24E8AFDA002745B9 /* Base */,
			);
			name = LaunchScreen.storyboard;
			sourceTree = "<group>";
		};
/* End PBXVariantGroup section */

/* Begin XCBuildConfiguration section */
		A1EB674E24E8AFDA002745B9 /* Debug */ = {
			isa = XCBuildConfiguration;
			buildSettings = {
				ALWAYS_SEARCH_USER_PATHS = NO;
				CLANG_ANALYZER_NONNULL = YES;
				CLANG_ANALYZER_NUMBER_OBJECT_CONVERSION = YES_AGGRESSIVE;
				CLANG_CXX_LANGUAGE_STANDARD = "gnu++14";
				CLANG_CXX_LIBRARY = "libc++";
				CLANG_ENABLE_MODULES = YES;
				CLANG_ENABLE_OBJC_ARC = YES;
				CLANG_ENABLE_OBJC_WEAK = YES;
				CLANG_WARN_BLOCK_CAPTURE_AUTORELEASING = YES;
				CLANG_WARN_BOOL_CONVERSION = YES;
				CLANG_WARN_COMMA = YES;
				CLANG_WARN_CONSTANT_CONVERSION = YES;
				CLANG_WARN_DEPRECATED_OBJC_IMPLEMENTATIONS = YES;
				CLANG_WARN_DIRECT_OBJC_ISA_USAGE = YES_ERROR;
				CLANG_WARN_DOCUMENTATION_COMMENTS = YES;
				CLANG_WARN_EMPTY_BODY = YES;
				CLANG_WARN_ENUM_CONVERSION = YES;
				CLANG_WARN_INFINITE_RECURSION = YES;
				CLANG_WARN_INT_CONVERSION = YES;
				CLANG_WARN_NON_LITERAL_NULL_CONVERSION = YES;
				CLANG_WARN_OBJC_IMPLICIT_RETAIN_SELF = YES;
				CLANG_WARN_OBJC_LITERAL_CONVERSION = YES;
				CLANG_WARN_OBJC_ROOT_CLASS = YES_ERROR;
				CLANG_WARN_RANGE_LOOP_ANALYSIS = YES;
				CLANG_WARN_STRICT_PROTOTYPES = YES;
				CLANG_WARN_SUSPICIOUS_MOVE = YES;
				CLANG_WARN_UNGUARDED_AVAILABILITY = YES_AGGRESSIVE;
				CLANG_WARN_UNREACHABLE_CODE = YES;
				CLANG_WARN__DUPLICATE_METHOD_MATCH = YES;
				COPY_PHASE_STRIP = NO;
				DEBUG_INFORMATION_FORMAT = dwarf;
				ENABLE_STRICT_OBJC_MSGSEND = YES;
				ENABLE_TESTABILITY = YES;
				GCC_C_LANGUAGE_STANDARD = gnu11;
				GCC_DYNAMIC_NO_PIC = NO;
				GCC_NO_COMMON_BLOCKS = YES;
				GCC_OPTIMIZATION_LEVEL = 0;
				GCC_PREPROCESSOR_DEFINITIONS = (
					"DEBUG=1",
					"$(inherited)",
				);
				GCC_WARN_64_TO_32_BIT_CONVERSION = YES;
				GCC_WARN_ABOUT_RETURN_TYPE = YES_ERROR;
				GCC_WARN_UNDECLARED_SELECTOR = YES;
				GCC_WARN_UNINITIALIZED_AUTOS = YES_AGGRESSIVE;
				GCC_WARN_UNUSED_FUNCTION = YES;
				GCC_WARN_UNUSED_VARIABLE = YES;
				IPHONEOS_DEPLOYMENT_TARGET = 13.6;
				MTL_ENABLE_DEBUG_INFO = INCLUDE_SOURCE;
				MTL_FAST_MATH = YES;
				ONLY_ACTIVE_ARCH = YES;
				SDKROOT = iphoneos;
				SWIFT_ACTIVE_COMPILATION_CONDITIONS = DEBUG;
				SWIFT_OPTIMIZATION_LEVEL = "-Onone";
			};
			name = Debug;
		};
		A1EB674F24E8AFDA002745B9 /* Release */ = {
			isa = XCBuildConfiguration;
			buildSettings = {
				ALWAYS_SEARCH_USER_PATHS = NO;
				CLANG_ANALYZER_NONNULL = YES;
				CLANG_ANALYZER_NUMBER_OBJECT_CONVERSION = YES_AGGRESSIVE;
				CLANG_CXX_LANGUAGE_STANDARD = "gnu++14";
				CLANG_CXX_LIBRARY = "libc++";
				CLANG_ENABLE_MODULES = YES;
				CLANG_ENABLE_OBJC_ARC = YES;
				CLANG_ENABLE_OBJC_WEAK = YES;
				CLANG_WARN_BLOCK_CAPTURE_AUTORELEASING = YES;
				CLANG_WARN_BOOL_CONVERSION = YES;
				CLANG_WARN_COMMA = YES;
				CLANG_WARN_CONSTANT_CONVERSION = YES;
				CLANG_WARN_DEPRECATED_OBJC_IMPLEMENTATIONS = YES;
				CLANG_WARN_DIRECT_OBJC_ISA_USAGE = YES_ERROR;
				CLANG_WARN_DOCUMENTATION_COMMENTS = YES;
				CLANG_WARN_EMPTY_BODY = YES;
				CLANG_WARN_ENUM_CONVERSION = YES;
				CLANG_WARN_INFINITE_RECURSION = YES;
				CLANG_WARN_INT_CONVERSION = YES;
				CLANG_WARN_NON_LITERAL_NULL_CONVERSION = YES;
				CLANG_WARN_OBJC_IMPLICIT_RETAIN_SELF = YES;
				CLANG_WARN_OBJC_LITERAL_CONVERSION = YES;
				CLANG_WARN_OBJC_ROOT_CLASS = YES_ERROR;
				CLANG_WARN_RANGE_LOOP_ANALYSIS = YES;
				CLANG_WARN_STRICT_PROTOTYPES = YES;
				CLANG_WARN_SUSPICIOUS_MOVE = YES;
				CLANG_WARN_UNGUARDED_AVAILABILITY = YES_AGGRESSIVE;
				CLANG_WARN_UNREACHABLE_CODE = YES;
				CLANG_WARN__DUPLICATE_METHOD_MATCH = YES;
				COPY_PHASE_STRIP = NO;
				DEBUG_INFORMATION_FORMAT = "dwarf-with-dsym";
				ENABLE_NS_ASSERTIONS = NO;
				ENABLE_STRICT_OBJC_MSGSEND = YES;
				GCC_C_LANGUAGE_STANDARD = gnu11;
				GCC_NO_COMMON_BLOCKS = YES;
				GCC_WARN_64_TO_32_BIT_CONVERSION = YES;
				GCC_WARN_ABOUT_RETURN_TYPE = YES_ERROR;
				GCC_WARN_UNDECLARED_SELECTOR = YES;
				GCC_WARN_UNINITIALIZED_AUTOS = YES_AGGRESSIVE;
				GCC_WARN_UNUSED_FUNCTION = YES;
				GCC_WARN_UNUSED_VARIABLE = YES;
				IPHONEOS_DEPLOYMENT_TARGET = 13.6;
				MTL_ENABLE_DEBUG_INFO = NO;
				MTL_FAST_MATH = YES;
				SDKROOT = iphoneos;
				SWIFT_COMPILATION_MODE = wholemodule;
				SWIFT_OPTIMIZATION_LEVEL = "-O";
				VALIDATE_PRODUCT = YES;
			};
			name = Release;
		};
		A1EB675124E8AFDA002745B9 /* Debug */ = {
			isa = XCBuildConfiguration;
			buildSettings = {
				ASSETCATALOG_COMPILER_APPICON_NAME = AppIcon;
				CODE_SIGN_STYLE = Automatic;
				DEVELOPMENT_ASSET_PATHS = "\"SwiftUIBug1/Preview Content\"";
				DEVELOPMENT_TEAM = 823R8Y9CTL;
				ENABLE_PREVIEWS = YES;
				INFOPLIST_FILE = SwiftUIBug1/Info.plist;
				LD_RUNPATH_SEARCH_PATHS = (
					"$(inherited)",
					"@executable_path/Frameworks",
				);
				PRODUCT_BUNDLE_IDENTIFIER = org.losingfight.SwiftUIBug1;
				PRODUCT_NAME = "$(TARGET_NAME)";
				SWIFT_VERSION = 5.0;
				TARGETED_DEVICE_FAMILY = "1,2";
			};
			name = Debug;
		};
		A1EB675224E8AFDA002745B9 /* Release */ = {
			isa = XCBuildConfiguration;
			buildSettings = {
				ASSETCATALOG_COMPILER_APPICON_NAME = AppIcon;
				CODE_SIGN_STYLE = Automatic;
				DEVELOPMENT_ASSET_PATHS = "\"SwiftUIBug1/Preview Content\"";
				DEVELOPMENT_TEAM = 823R8Y9CTL;
				ENABLE_PREVIEWS = YES;
				INFOPLIST_FILE = SwiftUIBug1/Info.plist;
				LD_RUNPATH_SEARCH_PATHS = (
					"$(inherited)",
					"@executable_path/Frameworks",
				);
				PRODUCT_BUNDLE_IDENTIFIER = org.losingfight.SwiftUIBug1;
				PRODUCT_NAME = "$(TARGET_NAME)";
				SWIFT_VERSION = 5.0;
				TARGETED_DEVICE_FAMILY = "1,2";
			};
			name = Release;
		};
/* End XCBuildConfiguration section */

/* Begin XCConfigurationList section */
		A1EB673724E8AFD7002745B9 /* Build configuration list for PBXProject "SwiftUIBug1" */ = {
			isa = XCConfigurationList;
			buildConfigurations = (
				A1EB674E24E8AFDA002745B9 /* Debug */,
				A1EB674F24E8AFDA002745B9 /* Release */,
			);
			defaultConfigurationIsVisible = 0;
			defaultConfigurationName = Release;
		};
		A1EB675024E8AFDA002745B9 /* Build configuration list for PBXNativeTarget "SwiftUIBug1" */ = {
			isa = XCConfigurationList;
			buildConfigurations = (
				A1EB675124E8AFDA002745B9 /* Debug */,
				A1EB675224E8AFDA002745B9 /* Release */,
			);
			defaultConfigurationIsVisible = 0;
			defaultConfigurationName = Release;
		};
/* End XCConfigurationList section */
	};
	rootObject = A1EB673424E8AFD7002745B9 /* Project object */;
}
